# This file is generated by running "yarn install" inside your project.
# Manual changes might be lost - proceed with caution!

__metadata:
  version: 8
  cacheKey: 10c0

"@esbuild/aix-ppc64@npm:0.27.4":
  version: 0.27.4
  resolution: "@esbuild/aix-ppc64@npm:0.27.4"
  conditions: os=aix & cpu=ppc64
  languageName: node
  linkType: hard

"@esbuild/android-arm64@npm:0.27.4":
  version: 0.27.4
  resolution: "@esbuild/android-arm64@npm:0.27.4"
  conditions: os=android & cpu=arm64
  languageName: node
  linkType: hard

"@esbuild/android-arm@npm:0.27.4":
  version: 0.27.4
  resolution: "@esbuild/android-arm@npm:0.27.4"
  conditions: os=android & cpu=arm
  languageName: node
  linkType: hard

"@esbuild/android-x64@npm:0.27.4":
  version: 0.27.4
  resolution: "@esbuild/android-x64@npm:0.27.4"
  conditions: os=android & cpu=x64
  languageName: node
  linkType: hard

"@esbuild/darwin-arm64@npm:0.27.4":
  version: 0.27.4
  resolution: "@esbuild/darwin-arm64@npm:0.27.4"
  conditions: os=darwin & cpu=arm64
  languageName: node
  linkType: hard

"@esbuild/darwin-x64@npm:0.27.4":
  version: 0.27.4
  resolution: "@esbuild/darwin-x64@npm:0.27.4"
  conditions: os=darwin & cpu=x64
  languageName: node
  linkType: hard

"@esbuild/freebsd-arm64@npm:0.27.4":
  version: 0.27.4
  resolution: "@esbuild/freebsd-arm64@npm:0.27.4"
  conditions: os=freebsd & cpu=arm64
  languageName: node
  linkType: hard

"@esbuild/freebsd-x64@npm:0.27.4":
  version: 0.27.4
  resolution: "@esbuild/freebsd-x64@npm:0.27.4"
  conditions: os=freebsd & cpu=x64
  languageName: node
  linkType: hard

"@esbuild/linux-arm64@npm:0.27.4":
  version: 0.27.4
  resolution: "@esbuild/linux-arm64@npm:0.27.4"
  conditions: os=linux & cpu=arm64
  languageName: node
  linkType: hard

"@esbuild/linux-arm@npm:0.27.4":
  version: 0.27.4
  resolution: "@esbuild/linux-arm@npm:0.27.4"
  conditions: os=linux & cpu=arm
  languageName: node
  linkType: hard

"@esbuild/linux-ia32@npm:0.27.4":
  version: 0.27.4
  resolution: "@esbuild/linux-ia32@npm:0.27.4"
  conditions: os=linux & cpu=ia32
  languageName: node
  linkType: hard

"@esbuild/linux-loong64@npm:0.27.4":
  version: 0.27.4
  resolution: "@esbuild/linux-loong64@npm:0.27.4"
  conditions: os=linux & cpu=loong64
  languageName: node
  linkType: hard

"@esbuild/linux-mips64el@npm:0.27.4":
  version: 0.27.4
  resolution: "@esbuild/linux-mips64el@npm:0.27.4"
  conditions: os=linux & cpu=mips64el
  languageName: node
  linkType: hard

"@esbuild/linux-ppc64@npm:0.27.4":
  version: 0.27.4
  resolution: "@esbuild/linux-ppc64@npm:0.27.4"
  conditions: os=linux & cpu=ppc64
  languageName: node
  linkType: hard

"@esbuild/linux-riscv64@npm:0.27.4":
  version: 0.27.4
  resolution: "@esbuild/linux-riscv64@npm:0.27.4"
  conditions: os=linux & cpu=riscv64
  languageName: node
  linkType: hard

"@esbuild/linux-s390x@npm:0.27.4":
  version: 0.27.4
  resolution: "@esbuild/linux-s390x@npm:0.27.4"
  conditions: os=linux & cpu=s390x
  languageName: node
  linkType: hard

"@esbuild/linux-x64@npm:0.27.4":
  version: 0.27.4
  resolution: "@esbuild/linux-x64@npm:0.27.4"
  conditions: os=linux & cpu=x64
  languageName: node
  linkType: hard

"@esbuild/netbsd-arm64@npm:0.27.4":
  version: 0.27.4
  resolution: "@esbuild/netbsd-arm64@npm:0.27.4"
  conditions: os=netbsd & cpu=arm64
  languageName: node
  linkType: hard

"@esbuild/netbsd-x64@npm:0.27.4":
  version: 0.27.4
  resolution: "@esbuild/netbsd-x64@npm:0.27.4"
  conditions: os=netbsd & cpu=x64
  languageName: node
  linkType: hard

"@esbuild/openbsd-arm64@npm:0.27.4":
  version: 0.27.4
  resolution: "@esbuild/openbsd-arm64@npm:0.27.4"
  conditions: os=openbsd & cpu=arm64
  languageName: node
  linkType: hard

"@esbuild/openbsd-x64@npm:0.27.4":
  version: 0.27.4
  resolution: "@esbuild/openbsd-x64@npm:0.27.4"
  conditions: os=openbsd & cpu=x64
  languageName: node
  linkType: hard

"@esbuild/openharmony-arm64@npm:0.27.4":
  version: 0.27.4
  resolution: "@esbuild/openharmony-arm64@npm:0.27.4"
  conditions: os=openharmony & cpu=arm64
  languageName: node
  linkType: hard

"@esbuild/sunos-x64@npm:0.27.4":
  version: 0.27.4
  resolution: "@esbuild/sunos-x64@npm:0.27.4"
  conditions: os=sunos & cpu=x64
  languageName: node
  linkType: hard

"@esbuild/win32-arm64@npm:0.27.4":
  version: 0.27.4
  resolution: "@esbuild/win32-arm64@npm:0.27.4"
  conditions: os=win32 & cpu=arm64
  languageName: node
  linkType: hard

"@esbuild/win32-ia32@npm:0.27.4":
  version: 0.27.4
  resolution: "@esbuild/win32-ia32@npm:0.27.4"
  conditions: os=win32 & cpu=ia32
  languageName: node
  linkType: hard

"@esbuild/win32-x64@npm:0.27.4":
  version: 0.27.4
  resolution: "@esbuild/win32-x64@npm:0.27.4"
  conditions: os=win32 & cpu=x64
  languageName: node
  linkType: hard

"@riboseinc/paneron-extension-geodetic-registry@npm:^1.0.70":
  version: 1.0.70
  resolution: "@riboseinc/paneron-extension-geodetic-registry@npm:1.0.70"
  checksum: 10c0/23288d658b27294fc608d9c48ad97466685ec825d21f8d4eea84fcc9c7d89582ab8bed411914576cc1cdf630656d56ecf5c35fd488d734d72c48b0feb66c131f
  languageName: node
  linkType: hard

"@riboseinc/paneron-registry-kit@npm:^2.2.61":
  version: 2.2.61
  resolution: "@riboseinc/paneron-registry-kit@npm:2.2.61"
  checksum: 10c0/6ee645029eb97dfb4a399f23e61f87d24a744b071e7a37d536cbcb0c6dd71661d79a2c631cbe8e6c6a99e456d58186c4b29ed691e197860898461c9f135b6918
  languageName: node
  linkType: hard

"@standard-schema/spec@npm:^1.0.0":
  version: 1.1.0
  resolution: "@standard-schema/spec@npm:1.1.0"
  checksum: 10c0/d90f55acde4b2deb983529c87e8025fa693de1a5e8b49ecc6eb84d1fd96328add0e03d7d551442156c7432fd78165b2c26ff561b970a9a881f046abb78d6a526
  languageName: node
  linkType: hard

"@types/react-dom@npm:^19.2.3":
  version: 19.2.3
  resolution: "@types/react-dom@npm:19.2.3"
  peerDependencies:
    "@types/react": ^19.2.0
  checksum: 10c0/b486ebe0f4e2fb35e2e108df1d8fc0927ca5d6002d5771e8a739de11239fe62d0e207c50886185253c99eb9dedfeeb956ea7429e5ba17f6693c7acb4c02f8cd1
  languageName: node
  linkType: hard

"@types/react@npm:^19.2.14":
  version: 19.2.14
  resolution: "@types/react@npm:19.2.14"
  dependencies:
    csstype: "npm:^3.2.2"
  checksum: 10c0/7d25bf41b57719452d86d2ac0570b659210402707313a36ee612666bf11275a1c69824f8c3ee1fdca077ccfe15452f6da8f1224529b917050eb2d861e52b59b7
  languageName: node
  linkType: hard

"browser-fs-access@npm:^0.38.0":
  version: 0.38.0
  resolution: "browser-fs-access@npm:0.38.0"
  checksum: 10c0/ceb31e6e73c7e0a976317f675d0ded17919c0165ec4b12c214166e54577ac768f25ab1178563cba671f6f077446ead113842b638afaf16b1b63534bf2adc1af9
  languageName: node
  linkType: hard

"citations2items@workspace:.":
  version: 0.0.0-use.local
  resolution: "citations2items@workspace:."
  dependencies:
    "@riboseinc/paneron-extension-geodetic-registry": "npm:^1.0.70"
    "@riboseinc/paneron-registry-kit": "npm:^2.2.61"
    "@types/react": "npm:^19.2.14"
    "@types/react-dom": "npm:^19.2.3"
    browser-fs-access: "npm:^0.38.0"
    effect: "npm:^3.19.17"
    esbuild: "npm:~0.27.3"
    json-diff-viewer-component: "npm:^0.6.1"
    react: "npm:^19.2.4"
    react-data-grid: "npm:7.0.0-beta.59"
    react-dom: "npm:^19.2.4"
    typescript: "npm:~6"
    typescript-language-server: "npm:~3.3.2"
    yaml: "npm:^2.8.3"
  languageName: unknown
  linkType: soft

"csstype@npm:^3.2.2":
  version: 3.2.3
  resolution: "csstype@npm:3.2.3"
  checksum: 10c0/cd29c51e70fa822f1cecd8641a1445bed7063697469d35633b516e60fe8c1bde04b08f6c5b6022136bb669b64c63d4173af54864510fbb4ee23281801841a3ce
  languageName: node
  linkType: hard

"effect@npm:^3.19.17":
  version: 3.21.0
  resolution: "effect@npm:3.21.0"
  dependencies:
    "@standard-schema/spec": "npm:^1.0.0"
    fast-check: "npm:^3.23.1"
  checksum: 10c0/665cb8fd0862f334eeb1d0fbadb14913de358948c08929bfd079fd38903132ba54daa99da4c453f738c318fa5ce0de862bf8db08974d97a05d868f6bc685eb50
  languageName: node
  linkType: hard

"esbuild@npm:~0.27.3":
  version: 0.27.4
  resolution: "esbuild@npm:0.27.4"
  dependencies:
    "@esbuild/aix-ppc64": "npm:0.27.4"
    "@esbuild/android-arm": "npm:0.27.4"
    "@esbuild/android-arm64": "npm:0.27.4"
    "@esbuild/android-x64": "npm:0.27.4"
    "@esbuild/darwin-arm64": "npm:0.27.4"
    "@esbuild/darwin-x64": "npm:0.27.4"
    "@esbuild/freebsd-arm64": "npm:0.27.4"
    "@esbuild/freebsd-x64": "npm:0.27.4"
    "@esbuild/linux-arm": "npm:0.27.4"
    "@esbuild/linux-arm64": "npm:0.27.4"
    "@esbuild/linux-ia32": "npm:0.27.4"
    "@esbuild/linux-loong64": "npm:0.27.4"
    "@esbuild/linux-mips64el": "npm:0.27.4"
    "@esbuild/linux-ppc64": "npm:0.27.4"
    "@esbuild/linux-riscv64": "npm:0.27.4"
    "@esbuild/linux-s390x": "npm:0.27.4"
    "@esbuild/linux-x64": "npm:0.27.4"
    "@esbuild/netbsd-arm64": "npm:0.27.4"
    "@esbuild/netbsd-x64": "npm:0.27.4"
    "@esbuild/openbsd-arm64": "npm:0.27.4"
    "@esbuild/openbsd-x64": "npm:0.27.4"
    "@esbuild/openharmony-arm64": "npm:0.27.4"
    "@esbuild/sunos-x64": "npm:0.27.4"
    "@esbuild/win32-arm64": "npm:0.27.4"
    "@esbuild/win32-ia32": "npm:0.27.4"
    "@esbuild/win32-x64": "npm:0.27.4"
  dependenciesMeta:
    "@esbuild/aix-ppc64":
      optional: true
    "@esbuild/android-arm":
      optional: true
    "@esbuild/android-arm64":
      optional: true
    "@esbuild/android-x64":
      optional: true
    "@esbuild/darwin-arm64":
      optional: true
    "@esbuild/darwin-x64":
      optional: true
    "@esbuild/freebsd-arm64":
      optional: true
    "@esbuild/freebsd-x64":
      optional: true
    "@esbuild/linux-arm":
      optional: true
    "@esbuild/linux-arm64":
      optional: true
    "@esbuild/linux-ia32":
      optional: true
    "@esbuild/linux-loong64":
      optional: true
    "@esbuild/linux-mips64el":
      optional: true
    "@esbuild/linux-ppc64":
      optional: true
    "@esbuild/linux-riscv64":
      optional: true
    "@esbuild/linux-s390x":
      optional: true
    "@esbuild/linux-x64":
      optional: true
    "@esbuild/netbsd-arm64":
      optional: true
    "@esbuild/netbsd-x64":
      optional: true
    "@esbuild/openbsd-arm64":
      optional: true
    "@esbuild/openbsd-x64":
      optional: true
    "@esbuild/openharmony-arm64":
      optional: true
    "@esbuild/sunos-x64":
      optional: true
    "@esbuild/win32-arm64":
      optional: true
    "@esbuild/win32-ia32":
      optional: true
    "@esbuild/win32-x64":
      optional: true
  bin:
    esbuild: bin/esbuild
  checksum: 10c0/2a1c2bcccda279f2afd72a7f8259860cb4483b32453d17878e1ecb4ac416b9e7c1001e7aa0a25ba4c29c1e250a3ceaae5d8bb72a119815bc8db4e9b5f5321490
  languageName: node
  linkType: hard

"fast-check@npm:^3.23.1":
  version: 3.23.2
  resolution: "fast-check@npm:3.23.2"
  dependencies:
    pure-rand: "npm:^6.1.0"
  checksum: 10c0/16fcff3c80321ee765e23c3aebd0f6427f175c9c6c1753104ec658970162365dc2d56bda046d815e8f2e90634c07ba7d6f0bcfd327fbd576d98c56a18a9765ed
  languageName: node
  linkType: hard

"json-diff-viewer-component@npm:^0.6.1":
  version: 0.6.1
  resolution: "json-diff-viewer-component@npm:0.6.1"
  checksum: 10c0/ae0268f5f749cfc17a1ae13545c2017750bfff7cf46bb90da4ad550abedbe2c54e81e08d8fcd783f66dd67878adc4c6eed80020cb24186c152831d2846f10a0e
  languageName: node
  linkType: hard

"pure-rand@npm:^6.1.0":
  version: 6.1.0
  resolution: "pure-rand@npm:6.1.0"
  checksum: 10c0/1abe217897bf74dcb3a0c9aba3555fe975023147b48db540aa2faf507aee91c03bf54f6aef0eb2bf59cc259a16d06b28eca37f0dc426d94f4692aeff02fb0e65
  languageName: node
  linkType: hard

"react-data-grid@npm:7.0.0-beta.59":
  version: 7.0.0-beta.59
  resolution: "react-data-grid@npm:7.0.0-beta.59"
  peerDependencies:
    react: ^19.2
    react-dom: ^19.2
  checksum: 10c0/b48da72e4e2d7562727354301fffd8433a06659e536effecae8a410a8e44e84e3368cde1970f98945ecd221e45ecbf4e4baa562e42fe32e5a9ff74a36a910633
  languageName: node
  linkType: hard

"react-dom@npm:^19.2.4":
  version: 19.2.4
  resolution: "react-dom@npm:19.2.4"
  dependencies:
    scheduler: "npm:^0.27.0"
  peerDependencies:
    react: ^19.2.4
  checksum: 10c0/f0c63f1794dedb154136d4d0f59af00b41907f4859571c155940296808f4b94bf9c0c20633db75b5b2112ec13d8d7dd4f9bf57362ed48782f317b11d05a44f35
  languageName: node
  linkType: hard

"react@npm:^19.2.4":
  version: 19.2.4
  resolution: "react@npm:19.2.4"
  checksum: 10c0/cd2c9ff67a720799cc3b38a516009986f7fc4cb8d3e15716c6211cf098d1357ee3e348ab05ad0600042bbb0fd888530ba92e329198c92eafa0994f5213396596
  languageName: node
  linkType: hard

"scheduler@npm:^0.27.0":
  version: 0.27.0
  resolution: "scheduler@npm:0.27.0"
  checksum: 10c0/4f03048cb05a3c8fddc45813052251eca00688f413a3cee236d984a161da28db28ba71bd11e7a3dd02f7af84ab28d39fb311431d3b3772fed557945beb00c452
  languageName: node
  linkType: hard

"typescript-language-server@npm:~3.3.2":
  version: 3.3.2
  resolution: "typescript-language-server@npm:3.3.2"
  bin:
    typescript-language-server: lib/cli.mjs
  checksum: 10c0/4eea63d057cc46b6fbbbb44e70743c85b72d65ede645e4c3d48b9fc8bba0a566306a6a5d2734e63b96d9d61fb77613ce39f85e95f2e65fb5c6995f730d9d3b72
  languageName: node
  linkType: hard

"typescript@npm:~6":
  version: 6.0.2
  resolution: "typescript@npm:6.0.2"
  bin:
    tsc: bin/tsc
    tsserver: bin/tsserver
  checksum: 10c0/4b860b0bf87cc0fee0f66d8ef2640b5a8a8a8c74d1129adb82e389e5f97124383823c47946bef8a73ede371461143a3aa8544399d2133c7b2e4f07e81860af7f
  languageName: node
  linkType: hard

"typescript@patch:typescript@npm%3A~6#optional!builtin<compat/typescript>":
  version: 6.0.2
  resolution: "typescript@patch:typescript@npm%3A6.0.2#optional!builtin<compat/typescript>::version=6.0.2&hash=5786d5"
  bin:
    tsc: bin/tsc
    tsserver: bin/tsserver
  checksum: 10c0/49f0b84fc6ca55653e77752b8a61beabc09ee3dae5d965c31596225aa6ef213c5727b1d2e895b900416dc603854ba0872ac4a812c2a4ed6793a601f9c675de02
  languageName: node
  linkType: hard

"vscode-jsonrpc@npm:8.2.0":
  version: 8.2.0
  resolution: "vscode-jsonrpc@npm:8.2.0"
  checksum: 10c0/0789c227057a844f5ead55c84679206227a639b9fb76e881185053abc4e9848aa487245966cc2393fcb342c4541241b015a1a2559fddd20ac1e68945c95344e6
  languageName: node
  linkType: hard

"vscode-jsonrpc@npm:^5.0.1":
  version: 5.0.1
  resolution: "vscode-jsonrpc@npm:5.0.1"
  checksum: 10c0/365dc54648247f0eb31ffdeb45b67c17f2cfac6cf55810b52376bad0becc7ee029dbe722e8d94fc779217e012466e8f7c7360749667946ff4e1156731abe1941
  languageName: node
  linkType: hard

"vscode-languageserver-protocol@npm:^3.15.0":
  version: 3.17.5
  resolution: "vscode-languageserver-protocol@npm:3.17.5"
  dependencies:
    vscode-jsonrpc: "npm:8.2.0"
    vscode-languageserver-types: "npm:3.17.5"
  checksum: 10c0/5f38fd80da9868d706eaa4a025f4aff9c3faad34646bcde1426f915cbd8d7e8b6c3755ce3fef6eebd256ba3145426af1085305f8a76e34276d2e95aaf339a90b
  languageName: node
  linkType: hard

"vscode-languageserver-types@npm:3.17.5":
  version: 3.17.5
  resolution: "vscode-languageserver-types@npm:3.17.5"
  checksum: 10c0/1e1260de79a2cc8de3e46f2e0182cdc94a7eddab487db5a3bd4ee716f67728e685852707d72c059721ce500447be9a46764a04f0611e94e4321ffa088eef36f8
  languageName: node
  linkType: hard

"yaml@npm:^2.8.3":
  version: 2.8.3
  resolution: "yaml@npm:2.8.3"
  bin:
    yaml: bin.mjs
  checksum: 10c0/ddff0e11c1b467728d7eb4633db61c5f5de3d8e9373cf84d08fb0cdee03e1f58f02b9f1c51a4a8a865751695addbd465a77f73f1079be91fe5493b29c305fd77
  languageName: node
  linkType: hard
